// !$*UTF8*$!
{
	archiveVersion = 1;
	classes = {
	};
	objectVersion = 77;
	objects = {

/* Begin PBXBuildFile section */
		04E02F6DD4022F49B5F548C5 /* WifiConnector.swift in Sources */ = {isa = PBXBuildFile; fileRef = 97A9152B0BCC2104DD162C66 /* WifiConnector.swift */; };
		08FDB58DE5160F9737B8AC2A /* WifiSnapTips.swift in Sources */ = {isa = PBXBuildFile; fileRef = E45FA7D9E6196525225C1A5C /* WifiSnapTips.swift */; };
		0F40443EB9E44134A095BC16 /* NetworkDetailSheet.swift in Sources */ = {isa = PBXBuildFile; fileRef = E158994AEEFA280D3BF6ED87 /* NetworkDetailSheet.swift */; };
		15E4BF7595D72F8AA07BDBDF /* KnownSSIDStore.swift in Sources */ = {isa = PBXBuildFile; fileRef = 8F78F915405B51535DF6F39C /* KnownSSIDStore.swift */; };
		2DA6929398B07B1BD33DFF6B /* QRCodeGenerator.swift in Sources */ = {isa = PBXBuildFile; fileRef = 6032FD5DE1A701813EF03248 /* QRCodeGenerator.swift */; };
		32E0B9E6A19A5022003ECC86 /* TextRecognizer.swift in Sources */ = {isa = PBXBuildFile; fileRef = 766D6E526B60772AA2246F7C /* TextRecognizer.swift */; };
		3589AF7FB8E7B6BF51734729 /* ActivityShareSheet.swift in Sources */ = {isa = PBXBuildFile; fileRef = 8D9475D6007B279B92806D1D /* ActivityShareSheet.swift */; };
		3CACA1251F98764468B3370A /* SavedNetwork.swift in Sources */ = {isa = PBXBuildFile; fileRef = F227DCF115FF7485AF3EA4AD /* SavedNetwork.swift */; };
		4431278BEAC3C20F2F447C8E /* PosterDesign.swift in Sources */ = {isa = PBXBuildFile; fileRef = 98C05BCC4167A6878A290A51 /* PosterDesign.swift */; };
		492A9AA39F1A86E534383583 /* ImagePicker.swift in Sources */ = {isa = PBXBuildFile; fileRef = FD026F980125CDF3004A9E59 /* ImagePicker.swift */; };
		4B937F4FAF6850881D76A40A /* Assets.xcassets in Resources */ = {isa = PBXBuildFile; fileRef = C92FFFE2DCC7EBB3226E7F92 /* Assets.xcassets */; };
		53C0B473635940E6315EE88D /* CredentialPuzzleView.swift in Sources */ = {isa = PBXBuildFile; fileRef = 3C61243AEDD3DDF44908D092 /* CredentialPuzzleView.swift */; };
		5E8311BEAAB318504963A08A /* WifiListParser.swift in Sources */ = {isa = PBXBuildFile; fileRef = 44E5DE2DEA472DD1FB2E50F1 /* WifiListParser.swift */; };
		68F2528E637A0B25AFB72022 /* PasswordField.swift in Sources */ = {isa = PBXBuildFile; fileRef = 115D13F3B1150B3C12CB9B6B /* PasswordField.swift */; };
		7E58538752F8DD984AD4746D /* QRCodeSheet.swift in Sources */ = {isa = PBXBuildFile; fileRef = 0144F51DE5E11764184CA5DB /* QRCodeSheet.swift */; };
		8C553BF285F1EE66BF17623A /* MapSheet.swift in Sources */ = {isa = PBXBuildFile; fileRef = 867582820A0DCF79550CF11B /* MapSheet.swift */; };
		8CEA877F409CDA6707DD53FA /* QRCodeGenerator.swift in Sources */ = {isa = PBXBuildFile; fileRef = 6032FD5DE1A701813EF03248 /* QRCodeGenerator.swift */; };
		A1C15DD23C986C6CEA2D197C /* SharedDefaults.swift in Sources */ = {isa = PBXBuildFile; fileRef = 4AEE5630304711D20F84BB83 /* SharedDefaults.swift */; };
		A73213C94412C1C3776E5219 /* SavedNetwork.swift in Sources */ = {isa = PBXBuildFile; fileRef = F227DCF115FF7485AF3EA4AD /* SavedNetwork.swift */; };
		AC9DBCC645648A7877CF70A0 /* WifiCredentialParser.swift in Sources */ = {isa = PBXBuildFile; fileRef = 290AF647E0AFA134C217C115 /* WifiCredentialParser.swift */; };
		B020590FF25F8A92E8D69B1D /* SharedDefaults.swift in Sources */ = {isa = PBXBuildFile; fileRef = 4AEE5630304711D20F84BB83 /* SharedDefaults.swift */; };
		B28E16D468F00FD71C4E105E /* PosterSettings.swift in Sources */ = {isa = PBXBuildFile; fileRef = 734AC02A3EFA7FBF31EAB72F /* PosterSettings.swift */; };
		B83E5F1A81336986DB037E67 /* WifiPosterSheet.swift in Sources */ = {isa = PBXBuildFile; fileRef = 08685B47F748EC8FF732F1A8 /* WifiPosterSheet.swift */; };
		BC8CCF5D1BCF6C4CBDA063CB /* WifiSnapWidget.swift in Sources */ = {isa = PBXBuildFile; fileRef = 933BBB3F3BCBE744A957F440 /* WifiSnapWidget.swift */; };
		C4FDA8F9C8FC19D31856FC49 /* PosterListSheet.swift in Sources */ = {isa = PBXBuildFile; fileRef = CF98E1930134324BDE3C926C /* PosterListSheet.swift */; };
		CF5A3581BBFEDEED8D576C6B /* WifiSnapApp.swift in Sources */ = {isa = PBXBuildFile; fileRef = 495D1CA0E6D09DCA4E677F87 /* WifiSnapApp.swift */; };
		E259D21978489D5195653321 /* SelectWifiIntent.swift in Sources */ = {isa = PBXBuildFile; fileRef = 203683BB7B8241D518E47E44 /* SelectWifiIntent.swift */; };
		E5C5E087807A2D5A7EC8AE35 /* WifiListImportSheet.swift in Sources */ = {isa = PBXBuildFile; fileRef = 07956BF286428D17B641827E /* WifiListImportSheet.swift */; };
		EF905C3B074A0649E423A878 /* ContentView.swift in Sources */ = {isa = PBXBuildFile; fileRef = 786B020EA14A70200DBF8B17 /* ContentView.swift */; };
		F60F0D4098F3E1B752F6FDCD /* CurrentNetworkService.swift in Sources */ = {isa = PBXBuildFile; fileRef = A030840261208945F64C8855 /* CurrentNetworkService.swift */; };
		F6D581CE4B712E22CE03BF9F /* WifiSnapWidget.appex in Embed Foundation Extensions */ = {isa = PBXBuildFile; fileRef = E88946C99C33FA9A51702624 /* WifiSnapWidget.appex */; settings = {ATTRIBUTES = (RemoveHeadersOnCopy, ); }; };
		FADF569F7726FF36C73A4EFD /* SSIDMatcher.swift in Sources */ = {isa = PBXBuildFile; fileRef = A9AA4934AD2587CE38EBE090 /* SSIDMatcher.swift */; };
/* End PBXBuildFile section */

/* Begin PBXContainerItemProxy section */
		8AFB8E194A592C28F50AD17A /* PBXContainerItemProxy */ = {
			isa = PBXContainerItemProxy;
			containerPortal = 1C4E223FC90FD4CC4FEAB160 /* Project object */;
			proxyType = 1;
			remoteGlobalIDString = 2FD694232809874B96424145;
			remoteInfo = WifiSnapWidget;
		};
/* End PBXContainerItemProxy section */

/* Begin PBXCopyFilesBuildPhase section */
		66234D5810162AFD056D0FC4 /* Embed Foundation Extensions */ = {
			isa = PBXCopyFilesBuildPhase;
			buildActionMask = 2147483647;
			dstPath = "";
			dstSubfolderSpec = 13;
			files = (
				F6D581CE4B712E22CE03BF9F /* WifiSnapWidget.appex in Embed Foundation Extensions */,
			);
			name = "Embed Foundation Extensions";
			runOnlyForDeploymentPostprocessing = 0;
		};
/* End PBXCopyFilesBuildPhase section */

/* Begin PBXFileReference section */
		0144F51DE5E11764184CA5DB /* QRCodeSheet.swift */ = {isa = PBXFileReference; lastKnownFileType = sourcecode.swift; path = QRCodeSheet.swift; sourceTree = "<group>"; };
		07956BF286428D17B641827E /* WifiListImportSheet.swift */ = {isa = PBXFileReference; lastKnownFileType = sourcecode.swift; path = WifiListImportSheet.swift; sourceTree = "<group>"; };
		08685B47F748EC8FF732F1A8 /* WifiPosterSheet.swift */ = {isa = PBXFileReference; lastKnownFileType = sourcecode.swift; path = WifiPosterSheet.swift; sourceTree = "<group>"; };
		115D13F3B1150B3C12CB9B6B /* PasswordField.swift */ = {isa = PBXFileReference; lastKnownFileType = sourcecode.swift; path = PasswordField.swift; sourceTree = "<group>"; };
		203683BB7B8241D518E47E44 /* SelectWifiIntent.swift */ = {isa = PBXFileReference; lastKnownFileType = sourcecode.swift; path = SelectWifiIntent.swift; sourceTree = "<group>"; };
		290AF647E0AFA134C217C115 /* WifiCredentialParser.swift */ = {isa = PBXFileReference; lastKnownFileType = sourcecode.swift; path = WifiCredentialParser.swift; sourceTree = "<group>"; };
		3C61243AEDD3DDF44908D092 /* CredentialPuzzleView.swift */ = {isa = PBXFileReference; lastKnownFileType = sourcecode.swift; path = CredentialPuzzleView.swift; sourceTree = "<group>"; };
		44E5DE2DEA472DD1FB2E50F1 /* WifiListParser.swift */ = {isa = PBXFileReference; lastKnownFileType = sourcecode.swift; path = WifiListParser.swift; sourceTree = "<group>"; };
		495D1CA0E6D09DCA4E677F87 /* WifiSnapApp.swift */ = {isa = PBXFileReference; lastKnownFileType = sourcecode.swift; path = WifiSnapApp.swift; sourceTree = "<group>"; };
		4AEE5630304711D20F84BB83 /* SharedDefaults.swift */ = {isa = PBXFileReference; lastKnownFileType = sourcecode.swift; path = SharedDefaults.swift; sourceTree = "<group>"; };
		6032FD5DE1A701813EF03248 /* QRCodeGenerator.swift */ = {isa = PBXFileReference; lastKnownFileType = sourcecode.swift; path = QRCodeGenerator.swift; sourceTree = "<group>"; };
		734AC02A3EFA7FBF31EAB72F /* PosterSettings.swift */ = {isa = PBXFileReference; lastKnownFileType = sourcecode.swift; path = PosterSettings.swift; sourceTree = "<group>"; };
		766D6E526B60772AA2246F7C /* TextRecognizer.swift */ = {isa = PBXFileReference; lastKnownFileType = sourcecode.swift; path = TextRecognizer.swift; sourceTree = "<group>"; };
		786B020EA14A70200DBF8B17 /* ContentView.swift */ = {isa = PBXFileReference; lastKnownFileType = sourcecode.swift; path = ContentView.swift; sourceTree = "<group>"; };
		867582820A0DCF79550CF11B /* MapSheet.swift */ = {isa = PBXFileReference; lastKnownFileType = sourcecode.swift; path = MapSheet.swift; sourceTree = "<group>"; };
		8D9475D6007B279B92806D1D /* ActivityShareSheet.swift */ = {isa = PBXFileReference; lastKnownFileType = sourcecode.swift; path = ActivityShareSheet.swift; sourceTree = "<group>"; };
		8F78F915405B51535DF6F39C /* KnownSSIDStore.swift */ = {isa = PBXFileReference; lastKnownFileType = sourcecode.swift; path = KnownSSIDStore.swift; sourceTree = "<group>"; };
		933BBB3F3BCBE744A957F440 /* WifiSnapWidget.swift */ = {isa = PBXFileReference; lastKnownFileType = sourcecode.swift; path = WifiSnapWidget.swift; sourceTree = "<group>"; };
		97A9152B0BCC2104DD162C66 /* WifiConnector.swift */ = {isa = PBXFileReference; lastKnownFileType = sourcecode.swift; path = WifiConnector.swift; sourceTree = "<group>"; };
		98C05BCC4167A6878A290A51 /* PosterDesign.swift */ = {isa = PBXFileReference; lastKnownFileType = sourcecode.swift; path = PosterDesign.swift; sourceTree = "<group>"; };
		A030840261208945F64C8855 /* CurrentNetworkService.swift */ = {isa = PBXFileReference; lastKnownFileType = sourcecode.swift; path = CurrentNetworkService.swift; sourceTree = "<group>"; };
		A24E97C2C88C093826CAD1AF /* WifiSnap.app */ = {isa = PBXFileReference; includeInIndex = 0; lastKnownFileType = wrapper.application; path = WifiSnap.app; sourceTree = BUILT_PRODUCTS_DIR; };
		A9AA4934AD2587CE38EBE090 /* SSIDMatcher.swift */ = {isa = PBXFileReference; lastKnownFileType = sourcecode.swift; path = SSIDMatcher.swift; sourceTree = "<group>"; };
		B1AA0E8EF555D951AB012A72 /* Info.plist */ = {isa = PBXFileReference; lastKnownFileType = text.plist; path = Info.plist; sourceTree = "<group>"; };
		C92FFFE2DCC7EBB3226E7F92 /* Assets.xcassets */ = {isa = PBXFileReference; lastKnownFileType = folder.assetcatalog; path = Assets.xcassets; sourceTree = "<group>"; };
		CF98E1930134324BDE3C926C /* PosterListSheet.swift */ = {isa = PBXFileReference; lastKnownFileType = sourcecode.swift; path = PosterListSheet.swift; sourceTree = "<group>"; };
		E158994AEEFA280D3BF6ED87 /* NetworkDetailSheet.swift */ = {isa = PBXFileReference; lastKnownFileType = sourcecode.swift; path = NetworkDetailSheet.swift; sourceTree = "<group>"; };
		E45FA7D9E6196525225C1A5C /* WifiSnapTips.swift */ = {isa = PBXFileReference; lastKnownFileType = sourcecode.swift; path = WifiSnapTips.swift; sourceTree = "<group>"; };
		E88946C99C33FA9A51702624 /* WifiSnapWidget.appex */ = {isa = PBXFileReference; includeInIndex = 0; lastKnownFileType = "wrapper.app-extension"; path = WifiSnapWidget.appex; sourceTree = BUILT_PRODUCTS_DIR; };
		F154FDB7DDDB52375DB95D25 /* WifiSnap.entitlements */ = {isa = PBXFileReference; lastKnownFileType = text.plist.entitlements; path = WifiSnap.entitlements; sourceTree = "<group>"; };
		F227DCF115FF7485AF3EA4AD /* SavedNetwork.swift */ = {isa = PBXFileReference; lastKnownFileType = sourcecode.swift; path = SavedNetwork.swift; sourceTree = "<group>"; };
		FD026F980125CDF3004A9E59 /* ImagePicker.swift */ = {isa = PBXFileReference; lastKnownFileType = sourcecode.swift; path = ImagePicker.swift; sourceTree = "<group>"; };
/* End PBXFileReference section */

/* Begin PBXGroup section */
		039CDF61D6A3C18AD2439CD3 = {
			isa = PBXGroup;
			children = (
				94C17FCB866ED6DA1DA3EB8C /* WifiSnap */,
				7BC05F0D850A891DAD507FEB /* WifiSnapWidget */,
				C2358F32D813FD5426172309 /* Products */,
			);
			sourceTree = "<group>";
		};
		104CF751AC8F27A36341F107 /* Services */ = {
			isa = PBXGroup;
			children = (
				A030840261208945F64C8855 /* CurrentNetworkService.swift */,
				6032FD5DE1A701813EF03248 /* QRCodeGenerator.swift */,
				A9AA4934AD2587CE38EBE090 /* SSIDMatcher.swift */,
				766D6E526B60772AA2246F7C /* TextRecognizer.swift */,
				97A9152B0BCC2104DD162C66 /* WifiConnector.swift */,
				290AF647E0AFA134C217C115 /* WifiCredentialParser.swift */,
				44E5DE2DEA472DD1FB2E50F1 /* WifiListParser.swift */,
			);
			path = Services;
			sourceTree = "<group>";
		};
		61C2AB8FB6E4E08F9016D258 /* Views */ = {
			isa = PBXGroup;
			children = (
				8D9475D6007B279B92806D1D /* ActivityShareSheet.swift */,
				786B020EA14A70200DBF8B17 /* ContentView.swift */,
				3C61243AEDD3DDF44908D092 /* CredentialPuzzleView.swift */,
				FD026F980125CDF3004A9E59 /* ImagePicker.swift */,
				867582820A0DCF79550CF11B /* MapSheet.swift */,
				E158994AEEFA280D3BF6ED87 /* NetworkDetailSheet.swift */,
				115D13F3B1150B3C12CB9B6B /* PasswordField.swift */,
				CF98E1930134324BDE3C926C /* PosterListSheet.swift */,
				0144F51DE5E11764184CA5DB /* QRCodeSheet.swift */,
				07956BF286428D17B641827E /* WifiListImportSheet.swift */,
				08685B47F748EC8FF732F1A8 /* WifiPosterSheet.swift */,
			);
			path = Views;
			sourceTree = "<group>";
		};
		7BC05F0D850A891DAD507FEB /* WifiSnapWidget */ = {
			isa = PBXGroup;
			children = (
				203683BB7B8241D518E47E44 /* SelectWifiIntent.swift */,
				933BBB3F3BCBE744A957F440 /* WifiSnapWidget.swift */,
			);
			path = WifiSnapWidget;
			sourceTree = "<group>";
		};
		94C17FCB866ED6DA1DA3EB8C /* WifiSnap */ = {
			isa = PBXGroup;
			children = (
				C92FFFE2DCC7EBB3226E7F92 /* Assets.xcassets */,
				B1AA0E8EF555D951AB012A72 /* Info.plist */,
				F154FDB7DDDB52375DB95D25 /* WifiSnap.entitlements */,
				495D1CA0E6D09DCA4E677F87 /* WifiSnapApp.swift */,
				9D8D604A6A947101600F177B /* Models */,
				104CF751AC8F27A36341F107 /* Services */,
				E2905443D56F85C347977C59 /* Shared */,
				EF4926268D1AC2BA9577AB35 /* Tips */,
				61C2AB8FB6E4E08F9016D258 /* Views */,
			);
			path = WifiSnap;
			sourceTree = "<group>";
		};
		9D8D604A6A947101600F177B /* Models */ = {
			isa = PBXGroup;
			children = (
				8F78F915405B51535DF6F39C /* KnownSSIDStore.swift */,
				98C05BCC4167A6878A290A51 /* PosterDesign.swift */,
				734AC02A3EFA7FBF31EAB72F /* PosterSettings.swift */,
				F227DCF115FF7485AF3EA4AD /* SavedNetwork.swift */,
			);
			path = Models;
			sourceTree = "<group>";
		};
		C2358F32D813FD5426172309 /* Products */ = {
			isa = PBXGroup;
			children = (
				A24E97C2C88C093826CAD1AF /* WifiSnap.app */,
				E88946C99C33FA9A51702624 /* WifiSnapWidget.appex */,
			);
			name = Products;
			sourceTree = "<group>";
		};
		E2905443D56F85C347977C59 /* Shared */ = {
			isa = PBXGroup;
			children = (
				4AEE5630304711D20F84BB83 /* SharedDefaults.swift */,
			);
			path = Shared;
			sourceTree = "<group>";
		};
		EF4926268D1AC2BA9577AB35 /* Tips */ = {
			isa = PBXGroup;
			children = (
				E45FA7D9E6196525225C1A5C /* WifiSnapTips.swift */,
			);
			path = Tips;
			sourceTree = "<group>";
		};
/* End PBXGroup section */

/* Begin PBXNativeTarget section */
		2FD694232809874B96424145 /* WifiSnapWidget */ = {
			isa = PBXNativeTarget;
			buildConfigurationList = 34217D75F52F1B5C30ABB087 /* Build configuration list for PBXNativeTarget "WifiSnapWidget" */;
			buildPhases = (
				8155D36BDF0B630E2B7BB6AD /* Sources */,
			);
			buildRules = (
			);
			dependencies = (
			);
			name = WifiSnapWidget;
			packageProductDependencies = (
			);
			productName = WifiSnapWidget;
			productReference = E88946C99C33FA9A51702624 /* WifiSnapWidget.appex */;
			productType = "com.apple.product-type.app-extension";
		};
		53823A0B88396056EFE1B1A3 /* WifiSnap */ = {
			isa = PBXNativeTarget;
			buildConfigurationList = D0228FA6D33F095B975DA53E /* Build configuration list for PBXNativeTarget "WifiSnap" */;
			buildPhases = (
				AF3A3DFBCBA486D9D17FCC83 /* 번들 ID 고정 확인 */,
				754DAB5B2BDAB32F0290ABFC /* Sources */,
				C1B3E618F0897F30EB4A575B /* Resources */,
				66234D5810162AFD056D0FC4 /* Embed Foundation Extensions */,
			);
			buildRules = (
			);
			dependencies = (
				E9356B867DBD5AF0B1CAFFE8 /* PBXTargetDependency */,
			);
			name = WifiSnap;
			packageProductDependencies = (
			);
			productName = WifiSnap;
			productReference = A24E97C2C88C093826CAD1AF /* WifiSnap.app */;
			productType = "com.apple.product-type.application";
		};
/* End PBXNativeTarget section */

/* Begin PBXProject section */
		1C4E223FC90FD4CC4FEAB160 /* Project object */ = {
			isa = PBXProject;
			attributes = {
				BuildIndependentTargetsInParallel = YES;
				LastUpgradeCheck = 1430;
				TargetAttributes = {
					2FD694232809874B96424145 = {
						DevelopmentTeam = QGAQ3AY3R3;
					};
					53823A0B88396056EFE1B1A3 = {
						DevelopmentTeam = QGAQ3AY3R3;
					};
				};
			};
			buildConfigurationList = 3A9C71B50180B19C8E4C7672 /* Build configuration list for PBXProject "WifiSnap" */;
			compatibilityVersion = "Xcode 14.0";
			developmentRegion = en;
			hasScannedForEncodings = 0;
			knownRegions = (
				Base,
				en,
			);
			mainGroup = 039CDF61D6A3C18AD2439CD3;
			minimizedProjectReferenceProxies = 1;
			preferredProjectObjectVersion = 77;
			projectDirPath = "";
			projectRoot = "";
			targets = (
				53823A0B88396056EFE1B1A3 /* WifiSnap */,
				2FD694232809874B96424145 /* WifiSnapWidget */,
			);
		};
/* End PBXProject section */

/* Begin PBXResourcesBuildPhase section */
		C1B3E618F0897F30EB4A575B /* Resources */ = {
			isa = PBXResourcesBuildPhase;
			buildActionMask = 2147483647;
			files = (
				4B937F4FAF6850881D76A40A /* Assets.xcassets in Resources */,
			);
			runOnlyForDeploymentPostprocessing = 0;
		};
/* End PBXResourcesBuildPhase section */

/* Begin PBXShellScriptBuildPhase section */
		AF3A3DFBCBA486D9D17FCC83 /* 번들 ID 고정 확인 */ = {
			isa = PBXShellScriptBuildPhase;
			alwaysOutOfDate = 1;
			buildActionMask = 2147483647;
			files = (
			);
			inputFileListPaths = (
			);
			inputPaths = (
			);
			name = "번들 ID 고정 확인";
			outputFileListPaths = (
			);
			outputPaths = (
			);
			runOnlyForDeploymentPostprocessing = 0;
			shellPath = /bin/sh;
			shellScript = "EXPECTED=\"com.leeo.wifisnap\"\nif [ \"$PRODUCT_BUNDLE_IDENTIFIER\" != \"$EXPECTED\" ]; then\n  echo \"error: 번들 ID는 $EXPECTED 로 고정되어야 합니다 (현재: $PRODUCT_BUNDLE_IDENTIFIER). project.yml을 확인하세요.\"\n  exit 1\nfi\n";
		};
/* End PBXShellScriptBuildPhase section */

/* Begin PBXSourcesBuildPhase section */
		754DAB5B2BDAB32F0290ABFC /* Sources */ = {
			isa = PBXSourcesBuildPhase;
			buildActionMask = 2147483647;
			files = (
				3589AF7FB8E7B6BF51734729 /* ActivityShareSheet.swift in Sources */,
				EF905C3B074A0649E423A878 /* ContentView.swift in Sources */,
				53C0B473635940E6315EE88D /* CredentialPuzzleView.swift in Sources */,
				F60F0D4098F3E1B752F6FDCD /* CurrentNetworkService.swift in Sources */,
				492A9AA39F1A86E534383583 /* ImagePicker.swift in Sources */,
				15E4BF7595D72F8AA07BDBDF /* KnownSSIDStore.swift in Sources */,
				8C553BF285F1EE66BF17623A /* MapSheet.swift in Sources */,
				0F40443EB9E44134A095BC16 /* NetworkDetailSheet.swift in Sources */,
				68F2528E637A0B25AFB72022 /* PasswordField.swift in Sources */,
				4431278BEAC3C20F2F447C8E /* PosterDesign.swift in Sources */,
				C4FDA8F9C8FC19D31856FC49 /* PosterListSheet.swift in Sources */,
				B28E16D468F00FD71C4E105E /* PosterSettings.swift in Sources */,
				2DA6929398B07B1BD33DFF6B /* QRCodeGenerator.swift in Sources */,
				7E58538752F8DD984AD4746D /* QRCodeSheet.swift in Sources */,
				FADF569F7726FF36C73A4EFD /* SSIDMatcher.swift in Sources */,
				3CACA1251F98764468B3370A /* SavedNetwork.swift in Sources */,
				A1C15DD23C986C6CEA2D197C /* SharedDefaults.swift in Sources */,
				32E0B9E6A19A5022003ECC86 /* TextRecognizer.swift in Sources */,
				04E02F6DD4022F49B5F548C5 /* WifiConnector.swift in Sources */,
				AC9DBCC645648A7877CF70A0 /* WifiCredentialParser.swift in Sources */,
				E5C5E087807A2D5A7EC8AE35 /* WifiListImportSheet.swift in Sources */,
				5E8311BEAAB318504963A08A /* WifiListParser.swift in Sources */,
				B83E5F1A81336986DB037E67 /* WifiPosterSheet.swift in Sources */,
				CF5A3581BBFEDEED8D576C6B /* WifiSnapApp.swift in Sources */,
				08FDB58DE5160F9737B8AC2A /* WifiSnapTips.swift in Sources */,
			);
			runOnlyForDeploymentPostprocessing = 0;
		};
		8155D36BDF0B630E2B7BB6AD /* Sources */ = {
			isa = PBXSourcesBuildPhase;
			buildActionMask = 2147483647;
			files = (
				8CEA877F409CDA6707DD53FA /* QRCodeGenerator.swift in Sources */,
				A73213C94412C1C3776E5219 /* SavedNetwork.swift in Sources */,
				E259D21978489D5195653321 /* SelectWifiIntent.swift in Sources */,
				B020590FF25F8A92E8D69B1D /* SharedDefaults.swift in Sources */,
				BC8CCF5D1BCF6C4CBDA063CB /* WifiSnapWidget.swift in Sources */,
			);
			runOnlyForDeploymentPostprocessing = 0;
		};
/* End PBXSourcesBuildPhase section */

/* Begin PBXTargetDependency section */
		E9356B867DBD5AF0B1CAFFE8 /* PBXTargetDependency */ = {
			isa = PBXTargetDependency;
			target = 2FD694232809874B96424145 /* WifiSnapWidget */;
			targetProxy = 8AFB8E194A592C28F50AD17A /* PBXContainerItemProxy */;
		};
/* End PBXTargetDependency section */

/* Begin XCBuildConfiguration section */
		0487C4BD9A083CB98C620927 /* Debug */ = {
			isa = XCBuildConfiguration;
			buildSettings = {
				ALWAYS_SEARCH_USER_PATHS = NO;
				CLANG_ANALYZER_NONNULL = YES;
				CLANG_ANALYZER_NUMBER_OBJECT_CONVERSION = YES_AGGRESSIVE;
				CLANG_CXX_LANGUAGE_STANDARD = "gnu++14";
				CLANG_CXX_LIBRARY = "libc++";
				CLANG_ENABLE_MODULES = YES;
				CLANG_ENABLE_OBJC_ARC = YES;
				CLANG_ENABLE_OBJC_WEAK = YES;
				CLANG_WARN_BLOCK_CAPTURE_AUTORELEASING = YES;
				CLANG_WARN_BOOL_CONVERSION = YES;
				CLANG_WARN_COMMA = YES;
				CLANG_WARN_CONSTANT_CONVERSION = YES;
				CLANG_WARN_DEPRECATED_OBJC_IMPLEMENTATIONS = YES;
				CLANG_WARN_DIRECT_OBJC_ISA_USAGE = YES_ERROR;
				CLANG_WARN_DOCUMENTATION_COMMENTS = YES;
				CLANG_WARN_EMPTY_BODY = YES;
				CLANG_WARN_ENUM_CONVERSION = YES;
				CLANG_WARN_INFINITE_RECURSION = YES;
				CLANG_WARN_INT_CONVERSION = YES;
				CLANG_WARN_NON_LITERAL_NULL_CONVERSION = YES;
				CLANG_WARN_OBJC_IMPLICIT_RETAIN_SELF = YES;
				CLANG_WARN_OBJC_LITERAL_CONVERSION = YES;
				CLANG_WARN_OBJC_ROOT_CLASS = YES_ERROR;
				CLANG_WARN_QUOTED_INCLUDE_IN_FRAMEWORK_HEADER = YES;
				CLANG_WARN_RANGE_LOOP_ANALYSIS = YES;
				CLANG_WARN_STRICT_PROTOTYPES = YES;
				CLANG_WARN_SUSPICIOUS_MOVE = YES;
				CLANG_WARN_UNGUARDED_AVAILABILITY = YES_AGGRESSIVE;
				CLANG_WARN_UNREACHABLE_CODE = YES;
				CLANG_WARN__DUPLICATE_METHOD_MATCH = YES;
				COPY_PHASE_STRIP = NO;
				CURRENT_PROJECT_VERSION = 1;
				DEBUG_INFORMATION_FORMAT = dwarf;
				DEVELOPMENT_TEAM = QGAQ3AY3R3;
				ENABLE_STRICT_OBJC_MSGSEND = YES;
				ENABLE_TESTABILITY = YES;
				GCC_C_LANGUAGE_STANDARD = gnu11;
				GCC_DYNAMIC_NO_PIC = NO;
				GCC_NO_COMMON_BLOCKS = YES;
				GCC_OPTIMIZATION_LEVEL = 0;
				GCC_PREPROCESSOR_DEFINITIONS = (
					"$(inherited)",
					"DEBUG=1",
				);
				GCC_WARN_64_TO_32_BIT_CONVERSION = YES;
				GCC_WARN_ABOUT_RETURN_TYPE = YES_ERROR;
				GCC_WARN_UNDECLARED_SELECTOR = YES;
				GCC_WARN_UNINITIALIZED_AUTOS = YES_AGGRESSIVE;
				GCC_WARN_UNUSED_FUNCTION = YES;
				GCC_WARN_UNUSED_VARIABLE = YES;
				IPHONEOS_DEPLOYMENT_TARGET = 17.0;
				MARKETING_VERSION = 1.0;
				MTL_ENABLE_DEBUG_INFO = INCLUDE_SOURCE;
				MTL_FAST_MATH = YES;
				ONLY_ACTIVE_ARCH = YES;
				PRODUCT_NAME = "$(TARGET_NAME)";
				SDKROOT = iphoneos;
				SWIFT_ACTIVE_COMPILATION_CONDITIONS = DEBUG;
				SWIFT_OPTIMIZATION_LEVEL = "-Onone";
				SWIFT_VERSION = 5.0;
			};
			name = Debug;
		};
		36F4BE9F93066826B98C5BE7 /* Debug */ = {
			isa = XCBuildConfiguration;
			buildSettings = {
				CODE_SIGN_ENTITLEMENTS = WifiSnapWidget/WifiSnapWidget.entitlements;
				GENERATE_INFOPLIST_FILE = NO;
				INFOPLIST_FILE = WifiSnapWidget/Info.plist;
				LD_RUNPATH_SEARCH_PATHS = (
					"$(inherited)",
					"@executable_path/Frameworks",
					"@executable_path/../../Frameworks",
				);
				PRODUCT_BUNDLE_IDENTIFIER = com.leeo.wifisnap.widget;
				SDKROOT = iphoneos;
				SKIP_INSTALL = YES;
				TARGETED_DEVICE_FAMILY = 1;
			};
			name = Debug;
		};
		4C2557EEBCDE16ADEE542145 /* Release */ = {
			isa = XCBuildConfiguration;
			buildSettings = {
				ASSETCATALOG_COMPILER_APPICON_NAME = AppIcon;
				CODE_SIGN_ENTITLEMENTS = WifiSnap/WifiSnap.entitlements;
				CODE_SIGN_IDENTITY = "iPhone Developer";
				GENERATE_INFOPLIST_FILE = NO;
				INFOPLIST_FILE = WifiSnap/Info.plist;
				LD_RUNPATH_SEARCH_PATHS = (
					"$(inherited)",
					"@executable_path/Frameworks",
				);
				PRODUCT_BUNDLE_IDENTIFIER = com.leeo.wifisnap;
				SDKROOT = iphoneos;
				TARGETED_DEVICE_FAMILY = 1;
			};
			name = Release;
		};
		5A0800F5DBDEA9785DAA4BC5 /* Release */ = {
			isa = XCBuildConfiguration;
			buildSettings = {
				ALWAYS_SEARCH_USER_PATHS = NO;
				CLANG_ANALYZER_NONNULL = YES;
				CLANG_ANALYZER_NUMBER_OBJECT_CONVERSION = YES_AGGRESSIVE;
				CLANG_CXX_LANGUAGE_STANDARD = "gnu++14";
				CLANG_CXX_LIBRARY = "libc++";
				CLANG_ENABLE_MODULES = YES;
				CLANG_ENABLE_OBJC_ARC = YES;
				CLANG_ENABLE_OBJC_WEAK = YES;
				CLANG_WARN_BLOCK_CAPTURE_AUTORELEASING = YES;
				CLANG_WARN_BOOL_CONVERSION = YES;
				CLANG_WARN_COMMA = YES;
				CLANG_WARN_CONSTANT_CONVERSION = YES;
				CLANG_WARN_DEPRECATED_OBJC_IMPLEMENTATIONS = YES;
				CLANG_WARN_DIRECT_OBJC_ISA_USAGE = YES_ERROR;
				CLANG_WARN_DOCUMENTATION_COMMENTS = YES;
				CLANG_WARN_EMPTY_BODY = YES;
				CLANG_WARN_ENUM_CONVERSION = YES;
				CLANG_WARN_INFINITE_RECURSION = YES;
				CLANG_WARN_INT_CONVERSION = YES;
				CLANG_WARN_NON_LITERAL_NULL_CONVERSION = YES;
				CLANG_WARN_OBJC_IMPLICIT_RETAIN_SELF = YES;
				CLANG_WARN_OBJC_LITERAL_CONVERSION = YES;
				CLANG_WARN_OBJC_ROOT_CLASS = YES_ERROR;
				CLANG_WARN_QUOTED_INCLUDE_IN_FRAMEWORK_HEADER = YES;
				CLANG_WARN_RANGE_LOOP_ANALYSIS = YES;
				CLANG_WARN_STRICT_PROTOTYPES = YES;
				CLANG_WARN_SUSPICIOUS_MOVE = YES;
				CLANG_WARN_UNGUARDED_AVAILABILITY = YES_AGGRESSIVE;
				CLANG_WARN_UNREACHABLE_CODE = YES;
				CLANG_WARN__DUPLICATE_METHOD_MATCH = YES;
				COPY_PHASE_STRIP = NO;
				CURRENT_PROJECT_VERSION = 1;
				DEBUG_INFORMATION_FORMAT = "dwarf-with-dsym";
				DEVELOPMENT_TEAM = QGAQ3AY3R3;
				ENABLE_NS_ASSERTIONS = NO;
				ENABLE_STRICT_OBJC_MSGSEND = YES;
				GCC_C_LANGUAGE_STANDARD = gnu11;
				GCC_NO_COMMON_BLOCKS = YES;
				GCC_WARN_64_TO_32_BIT_CONVERSION = YES;
				GCC_WARN_ABOUT_RETURN_TYPE = YES_ERROR;
				GCC_WARN_UNDECLARED_SELECTOR = YES;
				GCC_WARN_UNINITIALIZED_AUTOS = YES_AGGRESSIVE;
				GCC_WARN_UNUSED_FUNCTION = YES;
				GCC_WARN_UNUSED_VARIABLE = YES;
				IPHONEOS_DEPLOYMENT_TARGET = 17.0;
				MARKETING_VERSION = 1.0;
				MTL_ENABLE_DEBUG_INFO = NO;
				MTL_FAST_MATH = YES;
				PRODUCT_NAME = "$(TARGET_NAME)";
				SDKROOT = iphoneos;
				SWIFT_COMPILATION_MODE = wholemodule;
				SWIFT_OPTIMIZATION_LEVEL = "-O";
				SWIFT_VERSION = 5.0;
			};
			name = Release;
		};
		D8F87FAFC33466A428DF4A44 /* Debug */ = {
			isa = XCBuildConfiguration;
			buildSettings = {
				ASSETCATALOG_COMPILER_APPICON_NAME = AppIcon;
				CODE_SIGN_ENTITLEMENTS = WifiSnap/WifiSnap.entitlements;
				CODE_SIGN_IDENTITY = "iPhone Developer";
				GENERATE_INFOPLIST_FILE = NO;
				INFOPLIST_FILE = WifiSnap/Info.plist;
				LD_RUNPATH_SEARCH_PATHS = (
					"$(inherited)",
					"@executable_path/Frameworks",
				);
				PRODUCT_BUNDLE_IDENTIFIER = com.leeo.wifisnap;
				SDKROOT = iphoneos;
				TARGETED_DEVICE_FAMILY = 1;
			};
			name = Debug;
		};
		F9C89A471EA02CBB9EE1D222 /* Release */ = {
			isa = XCBuildConfiguration;
			buildSettings = {
				CODE_SIGN_ENTITLEMENTS = WifiSnapWidget/WifiSnapWidget.entitlements;
				GENERATE_INFOPLIST_FILE = NO;
				INFOPLIST_FILE = WifiSnapWidget/Info.plist;
				LD_RUNPATH_SEARCH_PATHS = (
					"$(inherited)",
					"@executable_path/Frameworks",
					"@executable_path/../../Frameworks",
				);
				PRODUCT_BUNDLE_IDENTIFIER = com.leeo.wifisnap.widget;
				SDKROOT = iphoneos;
				SKIP_INSTALL = YES;
				TARGETED_DEVICE_FAMILY = 1;
			};
			name = Release;
		};
/* End XCBuildConfiguration section */

/* Begin XCConfigurationList section */
		34217D75F52F1B5C30ABB087 /* Build configuration list for PBXNativeTarget "WifiSnapWidget" */ = {
			isa = XCConfigurationList;
			buildConfigurations = (
				36F4BE9F93066826B98C5BE7 /* Debug */,
				F9C89A471EA02CBB9EE1D222 /* Release */,
			);
			defaultConfigurationIsVisible = 0;
			defaultConfigurationName = Debug;
		};
		3A9C71B50180B19C8E4C7672 /* Build configuration list for PBXProject "WifiSnap" */ = {
			isa = XCConfigurationList;
			buildConfigurations = (
				0487C4BD9A083CB98C620927 /* Debug */,
				5A0800F5DBDEA9785DAA4BC5 /* Release */,
			);
			defaultConfigurationIsVisible = 0;
			defaultConfigurationName = Debug;
		};
		D0228FA6D33F095B975DA53E /* Build configuration list for PBXNativeTarget "WifiSnap" */ = {
			isa = XCConfigurationList;
			buildConfigurations = (
				D8F87FAFC33466A428DF4A44 /* Debug */,
				4C2557EEBCDE16ADEE542145 /* Release */,
			);
			defaultConfigurationIsVisible = 0;
			defaultConfigurationName = Debug;
		};
/* End XCConfigurationList section */
	};
	rootObject = 1C4E223FC90FD4CC4FEAB160 /* Project object */;
}
